
Microsoft Visual Studio Solution File, Format Version 12.00
# Visual Studio Version 17
VisualStudioVersion = 17.14.36121.58 d17.14
MinimumVisualStudioVersion = 10.0.40219.1
Project("{FAE04EC0-301F-11D3-BF4B-00C04F79EFBC}") = "DPM225495-LE THANH TRUC- Pattern01-Abstract Factory", "DPM225495-LE THANH TRUC- Pattern01-Abstract Factory\DPM225495-LE THANH TRUC- Pattern01-Abstract Factory.csproj", "{C2AAD657-050E-4EB2-BC0C-49975413D15F}"
EndProject
Project("{FAE04EC0-301F-11D3-BF4B-00C04F79EFBC}") = "DPM225495-LE THANH TRUC- Real01-Abstract Factory", "DPM225495-LE THANH TRUC- Real01-Abstract Factory\DPM225495-LE THANH TRUC- Real01-Abstract Factory.csproj", "{9CD4111E-EDDF-4AB4-97B1-B64B791B5334}"
EndProject
Project("{FAE04EC0-301F-11D3-BF4B-00C04F79EFBC}") = "DPM225495-LE THANH TRUC- Myworld01-Abstract Factory", "DPM225495-LE THANH TRUC- Myworld01-Abstract Factory\DPM225495-LE THANH TRUC- Myworld01-Abstract Factory.csproj", "{6A5EE030-4B05-4E6F-BDD4-5070A5BD33D2}"
EndProject
Project("{FAE04EC0-301F-11D3-BF4B-00C04F79EFBC}") = "DPM225495-LE THANH TRUC- Pattern02-Factory Method", "DPM225495-LE THANH TRUC- Pattern02-Factory Method\DPM225495-LE THANH TRUC- Pattern02-Factory Method.csproj", "{5D9A33D3-75E1-4994-B746-F424570D03A3}"
EndProject
Project("{FAE04EC0-301F-11D3-BF4B-00C04F79EFBC}") = "DPM225495-LE THANH TRUC- Real02-Factory Method", "DPM225495-LE THANH TRUC- Real02-Factory Method\DPM225495-LE THANH TRUC- Real02-Factory Method.csproj", "{62DE60B9-D42E-4F2A-8D0B-0897754B1B73}"
EndProject
Project("{FAE04EC0-301F-11D3-BF4B-00C04F79EFBC}") = "DPM225495-LE THANH TRUC- Myworld02-Factory Method", "DPM225495-LE THANH TRUC- Myworld02-Factory Method\DPM225495-LE THANH TRUC- Myworld02-Factory Method.csproj", "{2669B6E0-B5CC-4C53-A902-C3893E949324}"
EndProject
Project("{FAE04EC0-301F-11D3-BF4B-00C04F79EFBC}") = "DPM225495-LE THANH TRUC- Pattern03-Prototype", "DPM225495-LE THANH TRUC- Pattern03-Prototype\DPM225495-LE THANH TRUC- Pattern03-Prototype.csproj", "{D85D9CA9-6C85-4B9D-B23C-BC5AB6C557BA}"
EndProject
Project("{FAE04EC0-301F-11D3-BF4B-00C04F79EFBC}") = "DPM225495-LE THANH TRUC- Real03-Prototype", "DPM225495-LE THANH TRUC- Real03-Prototype\DPM225495-LE THANH TRUC- Real03-Prototype.csproj", "{92D22650-87FE-488D-96F1-117CD01D4E3E}"
EndProject
Project("{FAE04EC0-301F-11D3-BF4B-00C04F79EFBC}") = "DPM225495-LE THANH TRUC- Myworld03-Prototype", "DPM225495-LE THANH TRUC- Myworld03-Prototype\DPM225495-LE THANH TRUC- Myworld03-Prototype.csproj", "{D3223D32-0BC4-4FDD-A3C5-EABF34E00935}"
EndProject
Project("{FAE04EC0-301F-11D3-BF4B-00C04F79EFBC}") = "DPM225495-LE THANH TRUC- Pattern04-Singleton", "DPM225495-LE THANH TRUC- Pattern04-Singleton\DPM225495-LE THANH TRUC- Pattern04-Singleton.csproj", "{2377E6BF-1442-4293-B3B4-9BC96F5D8294}"
EndProject
Project("{FAE04EC0-301F-11D3-BF4B-00C04F79EFBC}") = "DPM225495-LE THANH TRUC- Real04-Singleton", "DPM225495-LE THANH TRUC- Real04-Singleton\DPM225495-LE THANH TRUC- Real04-Singleton.csproj", "{C92C101F-0E44-4951-BC07-B57643261C26}"
EndProject
Project("{FAE04EC0-301F-11D3-BF4B-00C04F79EFBC}") = "DPM225495-LE THANH TRUC- Myworld04-Singleton", "DPM225495-LE THANH TRUC- Myworld04-Singleton\DPM225495-LE THANH TRUC- Myworld04-Singleton.csproj", "{C31B89BE-7DCE-4FD2-9338-358F57C83FE8}"
EndProject
Project("{FAE04EC0-301F-11D3-BF4B-00C04F79EFBC}") = "DPM225495-LE THANH TRUC- Pattern05-Adapter", "DPM225495-LE THANH TRUC- Pattern05-Adapter\DPM225495-LE THANH TRUC- Pattern05-Adapter.csproj", "{8D3FFFA4-0C72-4862-927E-316EF9300A0B}"
EndProject
Project("{FAE04EC0-301F-11D3-BF4B-00C04F79EFBC}") = "DPM225495-LE THANH TRUC- Real05-Adapter", "DPM225495-LE THANH TRUC- Real05-Adapter\DPM225495-LE THANH TRUC- Real05-Adapter.csproj", "{D8B4BB17-40E6-442B-9B81-07F3F8BEB359}"
EndProject
Project("{FAE04EC0-301F-11D3-BF4B-00C04F79EFBC}") = "DPM225495-LE THANH TRUC- Myworld05-Adapter", "DPM225495-LE THANH TRUC- Myworld05-Adapter\DPM225495-LE THANH TRUC- Myworld05-Adapter.csproj", "{BA33A781-A29C-462B-B044-0B78322830FA}"
EndProject
Project("{FAE04EC0-301F-11D3-BF4B-00C04F79EFBC}") = "DPM225495-LE THANH TRUC- Pattern06-Bridge", "DPM225495-LE THANH TRUC- Pattern06-Bridge\DPM225495-LE THANH TRUC- Pattern06-Bridge.csproj", "{9767E2F7-F32F-4601-AA6E-7ADDF098F0F2}"
EndProject
Project("{FAE04EC0-301F-11D3-BF4B-00C04F79EFBC}") = "DPM225495-LE THANH TRUC- Real06-Bridge", "DPM225495-LE THANH TRUC- Real06-Bridge\DPM225495-LE THANH TRUC- Real06-Bridge.csproj", "{70044888-F4FE-44B8-87EF-40203B9D2CF8}"
EndProject
Project("{FAE04EC0-301F-11D3-BF4B-00C04F79EFBC}") = "DPM225495-LE THANH TRUC- Myworld06-Bridge", "DPM225495-LE THANH TRUC- Myworld06-Bridge\DPM225495-LE THANH TRUC- Myworld06-Bridge.csproj", "{3CFFEDB2-09BB-44AD-9CC4-D886EBA963B8}"
EndProject
Project("{FAE04EC0-301F-11D3-BF4B-00C04F79EFBC}") = "DPM225495-LE THANH TRUC- Pattern07-Decorator", "DPM225495-LE THANH TRUC- Pattern07-Decorator\DPM225495-LE THANH TRUC- Pattern07-Decorator.csproj", "{673B90A2-5310-4F42-A33B-1F480EEB6452}"
EndProject
Project("{FAE04EC0-301F-11D3-BF4B-00C04F79EFBC}") = "DPM225495-LE THANH TRUC- Real07-Decorator", "DPM225495-LE THANH TRUC- Real07-Decorator\DPM225495-LE THANH TRUC- Real07-Decorator.csproj", "{13427C8F-E317-408A-B9B0-31445FF64364}"
EndProject
Project("{FAE04EC0-301F-11D3-BF4B-00C04F79EFBC}") = "DPM225495-LE THANH TRUC- Myworld07-Decorator", "DPM225495-LE THANH TRUC- Myworld07-Decorator\DPM225495-LE THANH TRUC- Myworld07-Decorator.csproj", "{473C150D-5476-4E5E-BB4D-9CF48AF73A8C}"
EndProject
Project("{FAE04EC0-301F-11D3-BF4B-00C04F79EFBC}") = "DPM225495-LE THANH TRUC- Pattern08-Proxy", "DPM225495-LE THANH TRUC- Pattern08-Proxy\DPM225495-LE THANH TRUC- Pattern08-Proxy.csproj", "{5114C340-976C-43B3-8598-DAE4BEF7F5CB}"
EndProject
Project("{FAE04EC0-301F-11D3-BF4B-00C04F79EFBC}") = "DPM225495-LE THANH TRUC- Real08-Proxy", "DPM225495-LE THANH TRUC- Real08-Proxy\DPM225495-LE THANH TRUC- Real08-Proxy.csproj", "{9B0A5062-1EAB-4C01-8FDB-8EF4113114E5}"
EndProject
Project("{FAE04EC0-301F-11D3-BF4B-00C04F79EFBC}") = "DPM225495-LE THANH TRUC- Myworld08-Proxy", "DPM225495-LE THANH TRUC- Myworld08-Proxy\DPM225495-LE THANH TRUC- Myworld08-Proxy.csproj", "{A59DB022-8C03-4935-90DB-02482F62B116}"
EndProject
Project("{FAE04EC0-301F-11D3-BF4B-00C04F79EFBC}") = "DPM225495-LE THANH TRUC- Pattern09-Command", "DPM225495-LE THANH TRUC- Pattern09-Command\DPM225495-LE THANH TRUC- Pattern09-Command.csproj", "{570C1294-9401-4FC9-858A-C3733B50F903}"
EndProject
Project("{FAE04EC0-301F-11D3-BF4B-00C04F79EFBC}") = "DPM225495-LE THANH TRUC- Real09-Command", "DPM225495-LE THANH TRUC- Real09-Command\DPM225495-LE THANH TRUC- Real09-Command.csproj", "{6431A43F-5124-4746-9680-1C7ADB505093}"
EndProject
Project("{FAE04EC0-301F-11D3-BF4B-00C04F79EFBC}") = "DPM225495-LE THANH TRUC- Myworld09-Command", "DPM225495-LE THANH TRUC- Myworld09-Command\DPM225495-LE THANH TRUC- Myworld09-Command.csproj", "{0619EAAB-A997-4722-8AA1-0E11F5843479}"
EndProject
Project("{FAE04EC0-301F-11D3-BF4B-00C04F79EFBC}") = "DPM225495-LE THANH TRUC- Pattern10-State", "DPM225495-LE THANH TRUC- Pattern10-State\DPM225495-LE THANH TRUC- Pattern10-State.csproj", "{CF3C08A7-D472-447D-AD07-336144DB15B2}"
EndProject
Project("{FAE04EC0-301F-11D3-BF4B-00C04F79EFBC}") = "DPM225495-LE THANH TRUC- Real10-State", "DPM225495-LE THANH TRUC- Real10-State\DPM225495-LE THANH TRUC- Real10-State.csproj", "{8EA0D18E-8B9C-48BE-8DB8-21DC88D86E79}"
EndProject
Project("{FAE04EC0-301F-11D3-BF4B-00C04F79EFBC}") = "DPM225495-LE THANH TRUC- Myworld10-State", "DPM225495-LE THANH TRUC- Myworld10-State\DPM225495-LE THANH TRUC- Myworld10-State.csproj", "{B6D4A85F-47B9-4164-8D84-72EA2CB3268B}"
EndProject
Global
	GlobalSection(SolutionConfigurationPlatforms) = preSolution
		Debug|Any CPU = Debug|Any CPU
		Release|Any CPU = Release|Any CPU
	EndGlobalSection
	GlobalSection(ProjectConfigurationPlatforms) = postSolution
		{C2AAD657-050E-4EB2-BC0C-49975413D15F}.Debug|Any CPU.ActiveCfg = Debug|Any CPU
		{C2AAD657-050E-4EB2-BC0C-49975413D15F}.Debug|Any CPU.Build.0 = Debug|Any CPU
		{C2AAD657-050E-4EB2-BC0C-49975413D15F}.Release|Any CPU.ActiveCfg = Release|Any CPU
		{C2AAD657-050E-4EB2-BC0C-49975413D15F}.Release|Any CPU.Build.0 = Release|Any CPU
		{9CD4111E-EDDF-4AB4-97B1-B64B791B5334}.Debug|Any CPU.ActiveCfg = Debug|Any CPU
		{9CD4111E-EDDF-4AB4-97B1-B64B791B5334}.Debug|Any CPU.Build.0 = Debug|Any CPU
		{9CD4111E-EDDF-4AB4-97B1-B64B791B5334}.Release|Any CPU.ActiveCfg = Release|Any CPU
		{9CD4111E-EDDF-4AB4-97B1-B64B791B5334}.Release|Any CPU.Build.0 = Release|Any CPU
		{6A5EE030-4B05-4E6F-BDD4-5070A5BD33D2}.Debug|Any CPU.ActiveCfg = Debug|Any CPU
		{6A5EE030-4B05-4E6F-BDD4-5070A5BD33D2}.Debug|Any CPU.Build.0 = Debug|Any CPU
		{6A5EE030-4B05-4E6F-BDD4-5070A5BD33D2}.Release|Any CPU.ActiveCfg = Release|Any CPU
		{6A5EE030-4B05-4E6F-BDD4-5070A5BD33D2}.Release|Any CPU.Build.0 = Release|Any CPU
		{5D9A33D3-75E1-4994-B746-F424570D03A3}.Debug|Any CPU.ActiveCfg = Debug|Any CPU
		{5D9A33D3-75E1-4994-B746-F424570D03A3}.Debug|Any CPU.Build.0 = Debug|Any CPU
		{5D9A33D3-75E1-4994-B746-F424570D03A3}.Release|Any CPU.ActiveCfg = Release|Any CPU
		{5D9A33D3-75E1-4994-B746-F424570D03A3}.Release|Any CPU.Build.0 = Release|Any CPU
		{62DE60B9-D42E-4F2A-8D0B-0897754B1B73}.Debug|Any CPU.ActiveCfg = Debug|Any CPU
		{62DE60B9-D42E-4F2A-8D0B-0897754B1B73}.Debug|Any CPU.Build.0 = Debug|Any CPU
		{62DE60B9-D42E-4F2A-8D0B-0897754B1B73}.Release|Any CPU.ActiveCfg = Release|Any CPU
		{62DE60B9-D42E-4F2A-8D0B-0897754B1B73}.Release|Any CPU.Build.0 = Release|Any CPU
		{2669B6E0-B5CC-4C53-A902-C3893E949324}.Debug|Any CPU.ActiveCfg = Debug|Any CPU
		{2669B6E0-B5CC-4C53-A902-C3893E949324}.Debug|Any CPU.Build.0 = Debug|Any CPU
		{2669B6E0-B5CC-4C53-A902-C3893E949324}.Release|Any CPU.ActiveCfg = Release|Any CPU
		{2669B6E0-B5CC-4C53-A902-C3893E949324}.Release|Any CPU.Build.0 = Release|Any CPU
		{D85D9CA9-6C85-4B9D-B23C-BC5AB6C557BA}.Debug|Any CPU.ActiveCfg = Debug|Any CPU
		{D85D9CA9-6C85-4B9D-B23C-BC5AB6C557BA}.Debug|Any CPU.Build.0 = Debug|Any CPU
		{D85D9CA9-6C85-4B9D-B23C-BC5AB6C557BA}.Release|Any CPU.ActiveCfg = Release|Any CPU
		{D85D9CA9-6C85-4B9D-B23C-BC5AB6C557BA}.Release|Any CPU.Build.0 = Release|Any CPU
		{92D22650-87FE-488D-96F1-117CD01D4E3E}.Debug|Any CPU.ActiveCfg = Debug|Any CPU
		{92D22650-87FE-488D-96F1-117CD01D4E3E}.Debug|Any CPU.Build.0 = Debug|Any CPU
		{92D22650-87FE-488D-96F1-117CD01D4E3E}.Release|Any CPU.ActiveCfg = Release|Any CPU
		{92D22650-87FE-488D-96F1-117CD01D4E3E}.Release|Any CPU.Build.0 = Release|Any CPU
		{D3223D32-0BC4-4FDD-A3C5-EABF34E00935}.Debug|Any CPU.ActiveCfg = Debug|Any CPU
		{D3223D32-0BC4-4FDD-A3C5-EABF34E00935}.Debug|Any CPU.Build.0 = Debug|Any CPU
		{D3223D32-0BC4-4FDD-A3C5-EABF34E00935}.Release|Any CPU.ActiveCfg = Release|Any CPU
		{D3223D32-0BC4-4FDD-A3C5-EABF34E00935}.Release|Any CPU.Build.0 = Release|Any CPU
		{2377E6BF-1442-4293-B3B4-9BC96F5D8294}.Debug|Any CPU.ActiveCfg = Debug|Any CPU
		{2377E6BF-1442-4293-B3B4-9BC96F5D8294}.Debug|Any CPU.Build.0 = Debug|Any CPU
		{2377E6BF-1442-4293-B3B4-9BC96F5D8294}.Release|Any CPU.ActiveCfg = Release|Any CPU
		{2377E6BF-1442-4293-B3B4-9BC96F5D8294}.Release|Any CPU.Build.0 = Release|Any CPU
		{C92C101F-0E44-4951-BC07-B57643261C26}.Debug|Any CPU.ActiveCfg = Debug|Any CPU
		{C92C101F-0E44-4951-BC07-B57643261C26}.Debug|Any CPU.Build.0 = Debug|Any CPU
		{C92C101F-0E44-4951-BC07-B57643261C26}.Release|Any CPU.ActiveCfg = Release|Any CPU
		{C92C101F-0E44-4951-BC07-B57643261C26}.Release|Any CPU.Build.0 = Release|Any CPU
		{C31B89BE-7DCE-4FD2-9338-358F57C83FE8}.Debug|Any CPU.ActiveCfg = Debug|Any CPU
		{C31B89BE-7DCE-4FD2-9338-358F57C83FE8}.Debug|Any CPU.Build.0 = Debug|Any CPU
		{C31B89BE-7DCE-4FD2-9338-358F57C83FE8}.Release|Any CPU.ActiveCfg = Release|Any CPU
		{C31B89BE-7DCE-4FD2-9338-358F57C83FE8}.Release|Any CPU.Build.0 = Release|Any CPU
		{8D3FFFA4-0C72-4862-927E-316EF9300A0B}.Debug|Any CPU.ActiveCfg = Debug|Any CPU
		{8D3FFFA4-0C72-4862-927E-316EF9300A0B}.Debug|Any CPU.Build.0 = Debug|Any CPU
		{8D3FFFA4-0C72-4862-927E-316EF9300A0B}.Release|Any CPU.ActiveCfg = Release|Any CPU
		{8D3FFFA4-0C72-4862-927E-316EF9300A0B}.Release|Any CPU.Build.0 = Release|Any CPU
		{D8B4BB17-40E6-442B-9B81-07F3F8BEB359}.Debug|Any CPU.ActiveCfg = Debug|Any CPU
		{D8B4BB17-40E6-442B-9B81-07F3F8BEB359}.Debug|Any CPU.Build.0 = Debug|Any CPU
		{D8B4BB17-40E6-442B-9B81-07F3F8BEB359}.Release|Any CPU.ActiveCfg = Release|Any CPU
		{D8B4BB17-40E6-442B-9B81-07F3F8BEB359}.Release|Any CPU.Build.0 = Release|Any CPU
		{BA33A781-A29C-462B-B044-0B78322830FA}.Debug|Any CPU.ActiveCfg = Debug|Any CPU
		{BA33A781-A29C-462B-B044-0B78322830FA}.Debug|Any CPU.Build.0 = Debug|Any CPU
		{BA33A781-A29C-462B-B044-0B78322830FA}.Release|Any CPU.ActiveCfg = Release|Any CPU
		{BA33A781-A29C-462B-B044-0B78322830FA}.Release|Any CPU.Build.0 = Release|Any CPU
		{9767E2F7-F32F-4601-AA6E-7ADDF098F0F2}.Debug|Any CPU.ActiveCfg = Debug|Any CPU
		{9767E2F7-F32F-4601-AA6E-7ADDF098F0F2}.Debug|Any CPU.Build.0 = Debug|Any CPU
		{9767E2F7-F32F-4601-AA6E-7ADDF098F0F2}.Release|Any CPU.ActiveCfg = Release|Any CPU
		{9767E2F7-F32F-4601-AA6E-7ADDF098F0F2}.Release|Any CPU.Build.0 = Release|Any CPU
		{70044888-F4FE-44B8-87EF-40203B9D2CF8}.Debug|Any CPU.ActiveCfg = Debug|Any CPU
		{70044888-F4FE-44B8-87EF-40203B9D2CF8}.Debug|Any CPU.Build.0 = Debug|Any CPU
		{70044888-F4FE-44B8-87EF-40203B9D2CF8}.Release|Any CPU.ActiveCfg = Release|Any CPU
		{70044888-F4FE-44B8-87EF-40203B9D2CF8}.Release|Any CPU.Build.0 = Release|Any CPU
		{3CFFEDB2-09BB-44AD-9CC4-D886EBA963B8}.Debug|Any CPU.ActiveCfg = Debug|Any CPU
		{3CFFEDB2-09BB-44AD-9CC4-D886EBA963B8}.Debug|Any CPU.Build.0 = Debug|Any CPU
		{3CFFEDB2-09BB-44AD-9CC4-D886EBA963B8}.Release|Any CPU.ActiveCfg = Release|Any CPU
		{3CFFEDB2-09BB-44AD-9CC4-D886EBA963B8}.Release|Any CPU.Build.0 = Release|Any CPU
		{673B90A2-5310-4F42-A33B-1F480EEB6452}.Debug|Any CPU.ActiveCfg = Debug|Any CPU
		{673B90A2-5310-4F42-A33B-1F480EEB6452}.Debug|Any CPU.Build.0 = Debug|Any CPU
		{673B90A2-5310-4F42-A33B-1F480EEB6452}.Release|Any CPU.ActiveCfg = Release|Any CPU
		{673B90A2-5310-4F42-A33B-1F480EEB6452}.Release|Any CPU.Build.0 = Release|Any CPU
		{13427C8F-E317-408A-B9B0-31445FF64364}.Debug|Any CPU.ActiveCfg = Debug|Any CPU
		{13427C8F-E317-408A-B9B0-31445FF64364}.Debug|Any CPU.Build.0 = Debug|Any CPU
		{13427C8F-E317-408A-B9B0-31445FF64364}.Release|Any CPU.ActiveCfg = Release|Any CPU
		{13427C8F-E317-408A-B9B0-31445FF64364}.Release|Any CPU.Build.0 = Release|Any CPU
		{473C150D-5476-4E5E-BB4D-9CF48AF73A8C}.Debug|Any CPU.ActiveCfg = Debug|Any CPU
		{473C150D-5476-4E5E-BB4D-9CF48AF73A8C}.Debug|Any CPU.Build.0 = Debug|Any CPU
		{473C150D-5476-4E5E-BB4D-9CF48AF73A8C}.Release|Any CPU.ActiveCfg = Release|Any CPU
		{473C150D-5476-4E5E-BB4D-9CF48AF73A8C}.Release|Any CPU.Build.0 = Release|Any CPU
		{5114C340-976C-43B3-8598-DAE4BEF7F5CB}.Debug|Any CPU.ActiveCfg = Debug|Any CPU
		{5114C340-976C-43B3-8598-DAE4BEF7F5CB}.Debug|Any CPU.Build.0 = Debug|Any CPU
		{5114C340-976C-43B3-8598-DAE4BEF7F5CB}.Release|Any CPU.ActiveCfg = Release|Any CPU
		{5114C340-976C-43B3-8598-DAE4BEF7F5CB}.Release|Any CPU.Build.0 = Release|Any CPU
		{9B0A5062-1EAB-4C01-8FDB-8EF4113114E5}.Debug|Any CPU.ActiveCfg = Debug|Any CPU
		{9B0A5062-1EAB-4C01-8FDB-8EF4113114E5}.Debug|Any CPU.Build.0 = Debug|Any CPU
		{9B0A5062-1EAB-4C01-8FDB-8EF4113114E5}.Release|Any CPU.ActiveCfg = Release|Any CPU
		{9B0A5062-1EAB-4C01-8FDB-8EF4113114E5}.Release|Any CPU.Build.0 = Release|Any CPU
		{A59DB022-8C03-4935-90DB-02482F62B116}.Debug|Any CPU.ActiveCfg = Debug|Any CPU
		{A59DB022-8C03-4935-90DB-02482F62B116}.Debug|Any CPU.Build.0 = Debug|Any CPU
		{A59DB022-8C03-4935-90DB-02482F62B116}.Release|Any CPU.ActiveCfg = Release|Any CPU
		{A59DB022-8C03-4935-90DB-02482F62B116}.Release|Any CPU.Build.0 = Release|Any CPU
		{570C1294-9401-4FC9-858A-C3733B50F903}.Debug|Any CPU.ActiveCfg = Debug|Any CPU
		{570C1294-9401-4FC9-858A-C3733B50F903}.Debug|Any CPU.Build.0 = Debug|Any CPU
		{570C1294-9401-4FC9-858A-C3733B50F903}.Release|Any CPU.ActiveCfg = Release|Any CPU
		{570C1294-9401-4FC9-858A-C3733B50F903}.Release|Any CPU.Build.0 = Release|Any CPU
		{6431A43F-5124-4746-9680-1C7ADB505093}.Debug|Any CPU.ActiveCfg = Debug|Any CPU
		{6431A43F-5124-4746-9680-1C7ADB505093}.Debug|Any CPU.Build.0 = Debug|Any CPU
		{6431A43F-5124-4746-9680-1C7ADB505093}.Release|Any CPU.ActiveCfg = Release|Any CPU
		{6431A43F-5124-4746-9680-1C7ADB505093}.Release|Any CPU.Build.0 = Release|Any CPU
		{0619EAAB-A997-4722-8AA1-0E11F5843479}.Debug|Any CPU.ActiveCfg = Debug|Any CPU
		{0619EAAB-A997-4722-8AA1-0E11F5843479}.Debug|Any CPU.Build.0 = Debug|Any CPU
		{0619EAAB-A997-4722-8AA1-0E11F5843479}.Release|Any CPU.ActiveCfg = Release|Any CPU
		{0619EAAB-A997-4722-8AA1-0E11F5843479}.Release|Any CPU.Build.0 = Release|Any CPU
		{CF3C08A7-D472-447D-AD07-336144DB15B2}.Debug|Any CPU.ActiveCfg = Debug|Any CPU
		{CF3C08A7-D472-447D-AD07-336144DB15B2}.Debug|Any CPU.Build.0 = Debug|Any CPU
		{CF3C08A7-D472-447D-AD07-336144DB15B2}.Release|Any CPU.ActiveCfg = Release|Any CPU
		{CF3C08A7-D472-447D-AD07-336144DB15B2}.Release|Any CPU.Build.0 = Release|Any CPU
		{8EA0D18E-8B9C-48BE-8DB8-21DC88D86E79}.Debug|Any CPU.ActiveCfg = Debug|Any CPU
		{8EA0D18E-8B9C-48BE-8DB8-21DC88D86E79}.Debug|Any CPU.Build.0 = Debug|Any CPU
		{8EA0D18E-8B9C-48BE-8DB8-21DC88D86E79}.Release|Any CPU.ActiveCfg = Release|Any CPU
		{8EA0D18E-8B9C-48BE-8DB8-21DC88D86E79}.Release|Any CPU.Build.0 = Release|Any CPU
		{B6D4A85F-47B9-4164-8D84-72EA2CB3268B}.Debug|Any CPU.ActiveCfg = Debug|Any CPU
		{B6D4A85F-47B9-4164-8D84-72EA2CB3268B}.Debug|Any CPU.Build.0 = Debug|Any CPU
		{B6D4A85F-47B9-4164-8D84-72EA2CB3268B}.Release|Any CPU.ActiveCfg = Release|Any CPU
		{B6D4A85F-47B9-4164-8D84-72EA2CB3268B}.Release|Any CPU.Build.0 = Release|Any CPU
	EndGlobalSection
	GlobalSection(SolutionProperties) = preSolution
		HideSolutionNode = FALSE
	EndGlobalSection
	GlobalSection(ExtensibilityGlobals) = postSolution
		SolutionGuid = {6C8E14F5-DF68-441C-8B11-0BBAD74275C5}
	EndGlobalSection
EndGlobal
